
Microsoft Visual Studio Solution File, Format Version 12.00
# Visual Studio Version 17
VisualStudioVersion = 17.8.34511.84
MinimumVisualStudioVersion = 10.0.40219.1
Project("{9A19103F-16F7-4668-BE54-9A1E7A4F7556}") = "Week2", "Week2\Week2.csproj", "{1694923F-FAB1-4048-9D6B-8C5D84532C55}"
EndProject
Project("{9A19103F-16F7-4668-BE54-9A1E7A4F7556}") = "UserGenderValidation", "UserAgeValidation\UserGenderValidation.csproj", "{20470AF9-D366-444D-9085-44918280E438}"
EndProject
Global
	GlobalSection(SolutionConfigurationPlatforms) = preSolution
		Debug|Any CPU = Debug|Any CPU
		Release|Any CPU = Release|Any CPU
	EndGlobalSection
	GlobalSection(ProjectConfigurationPlatforms) = postSolution
		{1694923F-FAB1-4048-9D6B-8C5D84532C55}.Debug|Any CPU.ActiveCfg = Debug|Any CPU
		{1694923F-FAB1-4048-9D6B-8C5D84532C55}.Debug|Any CPU.Build.0 = Debug|Any CPU
		{1694923F-FAB1-4048-9D6B-8C5D84532C55}.Release|Any CPU.ActiveCfg = Release|Any CPU
		{1694923F-FAB1-4048-9D6B-8C5D84532C55}.Release|Any CPU.Build.0 = Release|Any CPU
		{20470AF9-D366-444D-9085-44918280E438}.Debug|Any CPU.ActiveCfg = Debug|Any CPU
		{20470AF9-D366-444D-9085-44918280E438}.Debug|Any CPU.Build.0 = Debug|Any CPU
		{20470AF9-D366-444D-9085-44918280E438}.Release|Any CPU.ActiveCfg = Release|Any CPU
		{20470AF9-D366-444D-9085-44918280E438}.Release|Any CPU.Build.0 = Release|Any CPU
	EndGlobalSection
	GlobalSection(SolutionProperties) = preSolution
		HideSolutionNode = FALSE
	EndGlobalSection
	GlobalSection(ExtensibilityGlobals) = postSolution
		SolutionGuid = {E335F350-DBF5-4F30-8057-296FA7084B4C}
	EndGlobalSection
EndGlobal
